// !$*UTF8*$!
{
	archiveVersion = 1;
	classes = {
	};
	objectVersion = 46;
	objects = {

/* Begin PBXBuildFile section */
		F09BB2881F3CFE95009077F2 /* AppDelegate.swift in Sources */ = {isa = PBXBuildFile; fileRef = F09BB2871F3CFE95009077F2 /* AppDelegate.swift */; };
		F09BB28D1F3CFE95009077F2 /* Main.storyboard in Resources */ = {isa = PBXBuildFile; fileRef = F09BB28B1F3CFE95009077F2 /* Main.storyboard */; };
		F09BB28F1F3CFE95009077F2 /* Assets.xcassets in Resources */ = {isa = PBXBuildFile; fileRef = F09BB28E1F3CFE95009077F2 /* Assets.xcassets */; };
		F09BB2921F3CFE95009077F2 /* LaunchScreen.storyboard in Resources */ = {isa = PBXBuildFile; fileRef = F09BB2901F3CFE95009077F2 /* LaunchScreen.storyboard */; };
		F09BB29D1F3CFE95009077F2 /* TemplateTests.swift in Sources */ = {isa = PBXBuildFile; fileRef = F09BB29C1F3CFE95009077F2 /* TemplateTests.swift */; };
		F09BB2AD1F3D0127009077F2 /* String+lines.swift in Sources */ = {isa = PBXBuildFile; fileRef = F09BB2AC1F3D0127009077F2 /* String+lines.swift */; };
		F09BB2AF1F3D02DC009077F2 /* String+trimmed.swift in Sources */ = {isa = PBXBuildFile; fileRef = F09BB2AE1F3D02DC009077F2 /* String+trimmed.swift */; };
		F09BB2B41F3D069D009077F2 /* MainViewController.swift in Sources */ = {isa = PBXBuildFile; fileRef = F09BB2B31F3D069D009077F2 /* MainViewController.swift */; };
/* End PBXBuildFile section */

/* Begin PBXContainerItemProxy section */
		F09BB2991F3CFE95009077F2 /* PBXContainerItemProxy */ = {
			isa = PBXContainerItemProxy;
			containerPortal = F09BB27C1F3CFE95009077F2 /* Project object */;
			proxyType = 1;
			remoteGlobalIDString = F09BB2831F3CFE95009077F2;
			remoteInfo = Template;
		};
/* End PBXContainerItemProxy section */

/* Begin PBXFileReference section */
		F09BB2841F3CFE95009077F2 /* Template.app */ = {isa = PBXFileReference; explicitFileType = wrapper.application; includeInIndex = 0; path = Template.app; sourceTree = BUILT_PRODUCTS_DIR; };
		F09BB2871F3CFE95009077F2 /* AppDelegate.swift */ = {isa = PBXFileReference; lastKnownFileType = sourcecode.swift; name = AppDelegate.swift; path = "Supporting Files/AppDelegate.swift"; sourceTree = "<group>"; };
		F09BB28C1F3CFE95009077F2 /* Base */ = {isa = PBXFileReference; lastKnownFileType = file.storyboard; name = Base; path = Base.lproj/Main.storyboard; sourceTree = "<group>"; };
		F09BB28E1F3CFE95009077F2 /* Assets.xcassets */ = {isa = PBXFileReference; lastKnownFileType = folder.assetcatalog; path = Assets.xcassets; sourceTree = "<group>"; };
		F09BB2911F3CFE95009077F2 /* Base */ = {isa = PBXFileReference; lastKnownFileType = file.storyboard; name = Base; path = Base.lproj/LaunchScreen.storyboard; sourceTree = "<group>"; };
		F09BB2931F3CFE95009077F2 /* Info.plist */ = {isa = PBXFileReference; lastKnownFileType = text.plist.xml; path = Info.plist; sourceTree = "<group>"; };
		F09BB2981F3CFE95009077F2 /* TemplateTests.xctest */ = {isa = PBXFileReference; explicitFileType = wrapper.cfbundle; includeInIndex = 0; path = TemplateTests.xctest; sourceTree = BUILT_PRODUCTS_DIR; };
		F09BB29C1F3CFE95009077F2 /* TemplateTests.swift */ = {isa = PBXFileReference; lastKnownFileType = sourcecode.swift; path = TemplateTests.swift; sourceTree = "<group>"; };
		F09BB29E1F3CFE95009077F2 /* Info.plist */ = {isa = PBXFileReference; lastKnownFileType = text.plist.xml; path = Info.plist; sourceTree = "<group>"; };
		F09BB2AC1F3D0127009077F2 /* String+lines.swift */ = {isa = PBXFileReference; fileEncoding = 4; lastKnownFileType = sourcecode.swift; name = "String+lines.swift"; path = "Extensions/String+lines.swift"; sourceTree = "<group>"; };
		F09BB2AE1F3D02DC009077F2 /* String+trimmed.swift */ = {isa = PBXFileReference; fileEncoding = 4; lastKnownFileType = sourcecode.swift; name = "String+trimmed.swift"; path = "Extensions/String+trimmed.swift"; sourceTree = "<group>"; };
		F09BB2B31F3D069D009077F2 /* MainViewController.swift */ = {isa = PBXFileReference; fileEncoding = 4; lastKnownFileType = sourcecode.swift; name = MainViewController.swift; path = Controllers/MainViewController.swift; sourceTree = "<group>"; };
/* End PBXFileReference section */

/* Begin PBXFrameworksBuildPhase section */
		F09BB2811F3CFE95009077F2 /* Frameworks */ = {
			isa = PBXFrameworksBuildPhase;
			buildActionMask = 2147483647;
			files = (
			);
			runOnlyForDeploymentPostprocessing = 0;
		};
		F09BB2951F3CFE95009077F2 /* Frameworks */ = {
			isa = PBXFrameworksBuildPhase;
			buildActionMask = 2147483647;
			files = (
			);
			runOnlyForDeploymentPostprocessing = 0;
		};
/* End PBXFrameworksBuildPhase section */

/* Begin PBXGroup section */
		F09BB27B1F3CFE95009077F2 = {
			isa = PBXGroup;
			children = (
				F09BB2861F3CFE95009077F2 /* Template */,
				F09BB29B1F3CFE95009077F2 /* TemplateTests */,
				F09BB2851F3CFE95009077F2 /* Products */,
			);
			sourceTree = "<group>";
		};
		F09BB2851F3CFE95009077F2 /* Products */ = {
			isa = PBXGroup;
			children = (
				F09BB2841F3CFE95009077F2 /* Template.app */,
				F09BB2981F3CFE95009077F2 /* TemplateTests.xctest */,
			);
			name = Products;
			sourceTree = "<group>";
		};
		F09BB2861F3CFE95009077F2 /* Template */ = {
			isa = PBXGroup;
			children = (
				F09BB28E1F3CFE95009077F2 /* Assets.xcassets */,
				F09BB2A71F3CFF55009077F2 /* Model */,
				F09BB2A81F3CFF66009077F2 /* Views */,
				F09BB2A91F3CFF6A009077F2 /* Controllers */,
				F09BB2AA1F3CFF7A009077F2 /* Extensions */,
				F09BB2AB1F3CFF85009077F2 /* Supporting Files */,
				F09BB2931F3CFE95009077F2 /* Info.plist */,
			);
			path = Template;
			sourceTree = "<group>";
		};
		F09BB29B1F3CFE95009077F2 /* TemplateTests */ = {
			isa = PBXGroup;
			children = (
				F09BB29C1F3CFE95009077F2 /* TemplateTests.swift */,
				F09BB29E1F3CFE95009077F2 /* Info.plist */,
			);
			path = TemplateTests;
			sourceTree = "<group>";
		};
		F09BB2A71F3CFF55009077F2 /* Model */ = {
			isa = PBXGroup;
			children = (
			);
			name = Model;
			sourceTree = "<group>";
		};
		F09BB2A81F3CFF66009077F2 /* Views */ = {
			isa = PBXGroup;
			children = (
				F09BB28B1F3CFE95009077F2 /* Main.storyboard */,
			);
			name = Views;
			sourceTree = "<group>";
		};
		F09BB2A91F3CFF6A009077F2 /* Controllers */ = {
			isa = PBXGroup;
			children = (
				F09BB2B31F3D069D009077F2 /* MainViewController.swift */,
			);
			name = Controllers;
			sourceTree = "<group>";
		};
		F09BB2AA1F3CFF7A009077F2 /* Extensions */ = {
			isa = PBXGroup;
			children = (
				F09BB2AC1F3D0127009077F2 /* String+lines.swift */,
				F09BB2AE1F3D02DC009077F2 /* String+trimmed.swift */,
			);
			name = Extensions;
			sourceTree = "<group>";
		};
		F09BB2AB1F3CFF85009077F2 /* Supporting Files */ = {
			isa = PBXGroup;
			children = (
				F09BB2871F3CFE95009077F2 /* AppDelegate.swift */,
				F09BB2901F3CFE95009077F2 /* LaunchScreen.storyboard */,
			);
			name = "Supporting Files";
			sourceTree = "<group>";
		};
/* End PBXGroup section */

/* Begin PBXNativeTarget section */
		F09BB2831F3CFE95009077F2 /* Template */ = {
			isa = PBXNativeTarget;
			buildConfigurationList = F09BB2A11F3CFE95009077F2 /* Build configuration list for PBXNativeTarget "Template" */;
			buildPhases = (
				F09BB2801F3CFE95009077F2 /* Sources */,
				F09BB2811F3CFE95009077F2 /* Frameworks */,
				F09BB2821F3CFE95009077F2 /* Resources */,
			);
			buildRules = (
			);
			dependencies = (
			);
			name = Template;
			productName = Template;
			productReference = F09BB2841F3CFE95009077F2 /* Template.app */;
			productType = "com.apple.product-type.application";
		};
		F09BB2971F3CFE95009077F2 /* TemplateTests */ = {
			isa = PBXNativeTarget;
			buildConfigurationList = F09BB2A41F3CFE95009077F2 /* Build configuration list for PBXNativeTarget "TemplateTests" */;
			buildPhases = (
				F09BB2941F3CFE95009077F2 /* Sources */,
				F09BB2951F3CFE95009077F2 /* Frameworks */,
				F09BB2961F3CFE95009077F2 /* Resources */,
			);
			buildRules = (
			);
			dependencies = (
				F09BB29A1F3CFE95009077F2 /* PBXTargetDependency */,
			);
			name = TemplateTests;
			productName = TemplateTests;
			productReference = F09BB2981F3CFE95009077F2 /* TemplateTests.xctest */;
			productType = "com.apple.product-type.bundle.unit-test";
		};
/* End PBXNativeTarget section */

/* Begin PBXProject section */
		F09BB27C1F3CFE95009077F2 /* Project object */ = {
			isa = PBXProject;
			attributes = {
				LastSwiftUpdateCheck = 0830;
				LastUpgradeCheck = 0830;
				ORGANIZATIONNAME = "Hugo Lundin";
				TargetAttributes = {
					F09BB2831F3CFE95009077F2 = {
						CreatedOnToolsVersion = 8.3.3;
						DevelopmentTeam = 27N747FCUM;
						ProvisioningStyle = Automatic;
					};
					F09BB2971F3CFE95009077F2 = {
						CreatedOnToolsVersion = 8.3.3;
						DevelopmentTeam = 27N747FCUM;
						ProvisioningStyle = Automatic;
						TestTargetID = F09BB2831F3CFE95009077F2;
					};
				};
			};
			buildConfigurationList = F09BB27F1F3CFE95009077F2 /* Build configuration list for PBXProject "Template" */;
			compatibilityVersion = "Xcode 3.2";
			developmentRegion = English;
			hasScannedForEncodings = 0;
			knownRegions = (
				en,
				Base,
			);
			mainGroup = F09BB27B1F3CFE95009077F2;
			productRefGroup = F09BB2851F3CFE95009077F2 /* Products */;
			projectDirPath = "";
			projectRoot = "";
			targets = (
				F09BB2831F3CFE95009077F2 /* Template */,
				F09BB2971F3CFE95009077F2 /* TemplateTests */,
			);
		};
/* End PBXProject section */

/* Begin PBXResourcesBuildPhase section */
		F09BB2821F3CFE95009077F2 /* Resources */ = {
			isa = PBXResourcesBuildPhase;
			buildActionMask = 2147483647;
			files = (
				F09BB2921F3CFE95009077F2 /* LaunchScreen.storyboard in Resources */,
				F09BB28F1F3CFE95009077F2 /* Assets.xcassets in Resources */,
				F09BB28D1F3CFE95009077F2 /* Main.storyboard in Resources */,
			);
			runOnlyForDeploymentPostprocessing = 0;
		};
		F09BB2961F3CFE95009077F2 /* Resources */ = {
			isa = PBXResourcesBuildPhase;
			buildActionMask = 2147483647;
			files = (
			);
			runOnlyForDeploymentPostprocessing = 0;
		};
/* End PBXResourcesBuildPhase section */

/* Begin PBXSourcesBuildPhase section */
		F09BB2801F3CFE95009077F2 /* Sources */ = {
			isa = PBXSourcesBuildPhase;
			buildActionMask = 2147483647;
			files = (
				F09BB2AD1F3D0127009077F2 /* String+lines.swift in Sources */,
				F09BB2881F3CFE95009077F2 /* AppDelegate.swift in Sources */,
				F09BB2AF1F3D02DC009077F2 /* String+trimmed.swift in Sources */,
				F09BB2B41F3D069D009077F2 /* MainViewController.swift in Sources */,
			);
			runOnlyForDeploymentPostprocessing = 0;
		};
		F09BB2941F3CFE95009077F2 /* Sources */ = {
			isa = PBXSourcesBuildPhase;
			buildActionMask = 2147483647;
			files = (
				F09BB29D1F3CFE95009077F2 /* TemplateTests.swift in Sources */,
			);
			runOnlyForDeploymentPostprocessing = 0;
		};
/* End PBXSourcesBuildPhase section */

/* Begin PBXTargetDependency section */
		F09BB29A1F3CFE95009077F2 /* PBXTargetDependency */ = {
			isa = PBXTargetDependency;
			target = F09BB2831F3CFE95009077F2 /* Template */;
			targetProxy = F09BB2991F3CFE95009077F2 /* PBXContainerItemProxy */;
		};
/* End PBXTargetDependency section */

/* Begin PBXVariantGroup section */
		F09BB28B1F3CFE95009077F2 /* Main.storyboard */ = {
			isa = PBXVariantGroup;
			children = (
				F09BB28C1F3CFE95009077F2 /* Base */,
			);
			name = Main.storyboard;
			sourceTree = "<group>";
		};
		F09BB2901F3CFE95009077F2 /* LaunchScreen.storyboard */ = {
			isa = PBXVariantGroup;
			children = (
				F09BB2911F3CFE95009077F2 /* Base */,
			);
			name = LaunchScreen.storyboard;
			sourceTree = "<group>";
		};
/* End PBXVariantGroup section */

/* Begin XCBuildConfiguration section */
		F09BB29F1F3CFE95009077F2 /* Debug */ = {
			isa = XCBuildConfiguration;
			buildSettings = {
				ALWAYS_SEARCH_USER_PATHS = NO;
				CLANG_ANALYZER_NONNULL = YES;
				CLANG_ANALYZER_NUMBER_OBJECT_CONVERSION = YES_AGGRESSIVE;
				CLANG_CXX_LANGUAGE_STANDARD = "gnu++0x";
				CLANG_CXX_LIBRARY = "libc++";
				CLANG_ENABLE_MODULES = YES;
				CLANG_ENABLE_OBJC_ARC = YES;
				CLANG_WARN_BOOL_CONVERSION = YES;
				CLANG_WARN_CONSTANT_CONVERSION = YES;
				CLANG_WARN_DIRECT_OBJC_ISA_USAGE = YES_ERROR;
				CLANG_WARN_DOCUMENTATION_COMMENTS = YES;
				CLANG_WARN_EMPTY_BODY = YES;
				CLANG_WARN_ENUM_CONVERSION = YES;
				CLANG_WARN_INFINITE_RECURSION = YES;
				CLANG_WARN_INT_CONVERSION = YES;
				CLANG_WARN_OBJC_ROOT_CLASS = YES_ERROR;
				CLANG_WARN_SUSPICIOUS_MOVE = YES;
				CLANG_WARN_UNREACHABLE_CODE = YES;
				CLANG_WARN__DUPLICATE_METHOD_MATCH = YES;
				"CODE_SIGN_IDENTITY[sdk=iphoneos*]" = "iPhone Developer";
				COPY_PHASE_STRIP = NO;
				DEBUG_INFORMATION_FORMAT = dwarf;
				ENABLE_STRICT_OBJC_MSGSEND = YES;
				ENABLE_TESTABILITY = YES;
				GCC_C_LANGUAGE_STANDARD = gnu99;
				GCC_DYNAMIC_NO_PIC = NO;
				GCC_NO_COMMON_BLOCKS = YES;
				GCC_OPTIMIZATION_LEVEL = 0;
				GCC_PREPROCESSOR_DEFINITIONS = (
					"DEBUG=1",
					"$(inherited)",
				);
				GCC_WARN_64_TO_32_BIT_CONVERSION = YES;
				GCC_WARN_ABOUT_RETURN_TYPE = YES_ERROR;
				GCC_WARN_UNDECLARED_SELECTOR = YES;
				GCC_WARN_UNINITIALIZED_AUTOS = YES_AGGRESSIVE;
				GCC_WARN_UNUSED_FUNCTION = YES;
				GCC_WARN_UNUSED_VARIABLE = YES;
				IPHONEOS_DEPLOYMENT_TARGET = 10.3;
				MTL_ENABLE_DEBUG_INFO = YES;
				ONLY_ACTIVE_ARCH = YES;
				SDKROOT = iphoneos;
				SWIFT_ACTIVE_COMPILATION_CONDITIONS = DEBUG;
				SWIFT_OPTIMIZATION_LEVEL = "-Onone";
				TARGETED_DEVICE_FAMILY = "1,2";
			};
			name = Debug;
		};
		F09BB2A01F3CFE95009077F2 /* Release */ = {
			isa = XCBuildConfiguration;
			buildSettings = {
				ALWAYS_SEARCH_USER_PATHS = NO;
				CLANG_ANALYZER_NONNULL = YES;
				CLANG_ANALYZER_NUMBER_OBJECT_CONVERSION = YES_AGGRESSIVE;
				CLANG_CXX_LANGUAGE_STANDARD = "gnu++0x";
				CLANG_CXX_LIBRARY = "libc++";
				CLANG_ENABLE_MODULES = YES;
				CLANG_ENABLE_OBJC_ARC = YES;
				CLANG_WARN_BOOL_CONVERSION = YES;
				CLANG_WARN_CONSTANT_CONVERSION = YES;
				CLANG_WARN_DIRECT_OBJC_ISA_USAGE = YES_ERROR;
				CLANG_WARN_DOCUMENTATION_COMMENTS = YES;
				CLANG_WARN_EMPTY_BODY = YES;
				CLANG_WARN_ENUM_CONVERSION = YES;
				CLANG_WARN_INFINITE_RECURSION = YES;
				CLANG_WARN_INT_CONVERSION = YES;
				CLANG_WARN_OBJC_ROOT_CLASS = YES_ERROR;
				CLANG_WARN_SUSPICIOUS_MOVE = YES;
				CLANG_WARN_UNREACHABLE_CODE = YES;
				CLANG_WARN__DUPLICATE_METHOD_MATCH = YES;
				"CODE_SIGN_IDENTITY[sdk=iphoneos*]" = "iPhone Developer";
				COPY_PHASE_STRIP = NO;
				DEBUG_INFORMATION_FORMAT = "dwarf-with-dsym";
				ENABLE_NS_ASSERTIONS = NO;
				ENABLE_STRICT_OBJC_MSGSEND = YES;
				GCC_C_LANGUAGE_STANDARD = gnu99;
				GCC_NO_COMMON_BLOCKS = YES;
				GCC_WARN_64_TO_32_BIT_CONVERSION = YES;
				GCC_WARN_ABOUT_RETURN_TYPE = YES_ERROR;
				GCC_WARN_UNDECLARED_SELECTOR = YES;
				GCC_WARN_UNINITIALIZED_AUTOS = YES_AGGRESSIVE;
				GCC_WARN_UNUSED_FUNCTION = YES;
				GCC_WARN_UNUSED_VARIABLE = YES;
				IPHONEOS_DEPLOYMENT_TARGET = 10.3;
				MTL_ENABLE_DEBUG_INFO = NO;
				SDKROOT = iphoneos;
				SWIFT_OPTIMIZATION_LEVEL = "-Owholemodule";
				TARGETED_DEVICE_FAMILY = "1,2";
				VALIDATE_PRODUCT = YES;
			};
			name = Release;
		};
		F09BB2A21F3CFE95009077F2 /* Debug */ = {
			isa = XCBuildConfiguration;
			buildSettings = {
				ASSETCATALOG_COMPILER_APPICON_NAME = AppIcon;
				DEVELOPMENT_TEAM = 27N747FCUM;
				INFOPLIST_FILE = Template/Info.plist;
				LD_RUNPATH_SEARCH_PATHS = "$(inherited) @executable_path/Frameworks";
				PRODUCT_BUNDLE_IDENTIFIER = se.hugolundin.Template;
				PRODUCT_NAME = "$(TARGET_NAME)";
				SWIFT_VERSION = 3.0;
			};
			name = Debug;
		};
		F09BB2A31F3CFE95009077F2 /* Release */ = {
			isa = XCBuildConfiguration;
			buildSettings = {
				ASSETCATALOG_COMPILER_APPICON_NAME = AppIcon;
				DEVELOPMENT_TEAM = 27N747FCUM;
				INFOPLIST_FILE = Template/Info.plist;
				LD_RUNPATH_SEARCH_PATHS = "$(inherited) @executable_path/Frameworks";
				PRODUCT_BUNDLE_IDENTIFIER = se.hugolundin.Template;
				PRODUCT_NAME = "$(TARGET_NAME)";
				SWIFT_VERSION = 3.0;
			};
			name = Release;
		};
		F09BB2A51F3CFE95009077F2 /* Debug */ = {
			isa = XCBuildConfiguration;
			buildSettings = {
				ALWAYS_EMBED_SWIFT_STANDARD_LIBRARIES = YES;
				BUNDLE_LOADER = "$(TEST_HOST)";
				DEVELOPMENT_TEAM = 27N747FCUM;
				INFOPLIST_FILE = TemplateTests/Info.plist;
				LD_RUNPATH_SEARCH_PATHS = "$(inherited) @executable_path/Frameworks @loader_path/Frameworks";
				PRODUCT_BUNDLE_IDENTIFIER = se.hugolundin.TemplateTests;
				PRODUCT_NAME = "$(TARGET_NAME)";
				SWIFT_VERSION = 3.0;
				TEST_HOST = "$(BUILT_PRODUCTS_DIR)/Template.app/Template";
			};
			name = Debug;
		};
		F09BB2A61F3CFE95009077F2 /* Release */ = {
			isa = XCBuildConfiguration;
			buildSettings = {
				ALWAYS_EMBED_SWIFT_STANDARD_LIBRARIES = YES;
				BUNDLE_LOADER = "$(TEST_HOST)";
				DEVELOPMENT_TEAM = 27N747FCUM;
				INFOPLIST_FILE = TemplateTests/Info.plist;
				LD_RUNPATH_SEARCH_PATHS = "$(inherited) @executable_path/Frameworks @loader_path/Frameworks";
				PRODUCT_BUNDLE_IDENTIFIER = se.hugolundin.TemplateTests;
				PRODUCT_NAME = "$(TARGET_NAME)";
				SWIFT_VERSION = 3.0;
				TEST_HOST = "$(BUILT_PRODUCTS_DIR)/Template.app/Template";
			};
			name = Release;
		};
/* End XCBuildConfiguration section */

/* Begin XCConfigurationList section */
		F09BB27F1F3CFE95009077F2 /* Build configuration list for PBXProject "Template" */ = {
			isa = XCConfigurationList;
			buildConfigurations = (
				F09BB29F1F3CFE95009077F2 /* Debug */,
				F09BB2A01F3CFE95009077F2 /* Release */,
			);
			defaultConfigurationIsVisible = 0;
			defaultConfigurationName = Release;
		};
		F09BB2A11F3CFE95009077F2 /* Build configuration list for PBXNativeTarget "Template" */ = {
			isa = XCConfigurationList;
			buildConfigurations = (
				F09BB2A21F3CFE95009077F2 /* Debug */,
				F09BB2A31F3CFE95009077F2 /* Release */,
			);
			defaultConfigurationIsVisible = 0;
		};
		F09BB2A41F3CFE95009077F2 /* Build configuration list for PBXNativeTarget "TemplateTests" */ = {
			isa = XCConfigurationList;
			buildConfigurations = (
				F09BB2A51F3CFE95009077F2 /* Debug */,
				F09BB2A61F3CFE95009077F2 /* Release */,
			);
			defaultConfigurationIsVisible = 0;
		};
/* End XCConfigurationList section */
	};
	rootObject = F09BB27C1F3CFE95009077F2 /* Project object */;
}
